NeoBundleLock indentLine 75f443c14bcbc5a98bbf794ccfcf8541d1cc2ae2
NeoBundleLock jedi-vim 9eaede84b235fcbbe1b9164dda29bccd8a406fb2
NeoBundleLock neobundle.vim c00b40688f335a2e116726c2f8e727fad6f03e4f
NeoBundleLock syntastic 36ead6d75ce511a34d01f36051aa4c6d688f73bf
NeoBundleLock tagbar fcac7f2936606697b2db84855bd1e7939576986e
NeoBundleLock vim-latex 1823ee60b684badde7b518d51d5cfa0071fb9b63
