NeoBundleLock clang_complete bb4f7dd72e2be5771044307f6fe4d7db97007a04
NeoBundleLock indentLine efce4fa4a48c3060dcf2173e099a2bf52d727225
NeoBundleLock jedi-vim b3978bc4aa6c1a5d890a201479945464b2deeb8b
NeoBundleLock neobundle.vim 2f94664b624bc29a40fae51d38b5e922a55b85db
NeoBundleLock syntastic 76ec53f186d1e68a01c1470eec6ae50bfcedd64f
NeoBundleLock tagbar 7b36c46d17d57db34fdb0adac9ba6382d0bb5e66
NeoBundleLock vim-latex 1823ee60b684badde7b518d51d5cfa0071fb9b63
